{
  "name": "@bashbop/otito-herdr-plugin",
  "version": "0.1.0",
  "lockfileVersion": 3,
  "requires": true,
  "packages": {
    "": {
      "name": "@bashbop/otito-herdr-plugin",
      "version": "0.1.0",
      "license": "MIT",
      "dependencies": {
        "@bashbop/solumbe": "4.0.0"
      },
      "engines": {
        "node": ">=18.18"
      }
    },
    "node_modules/@bashbop/solumbe": {
      "version": "4.0.0",
      "resolved": "https://registry.npmjs.org/@bashbop/solumbe/-/solumbe-4.0.0.tgz",
      "integrity": "sha512-3YzbII5Vhvg6D86XlmmPS8IN+DH0mh3aOdWV1ZYwnBF6qeMfbFA2Ch3lPlOEP44gpLD/qiH3atnz3zjn6oVISg==",
      "hasInstallScript": true,
      "license": "MIT",
      "dependencies": {
        "typescript": "^6.0.3"
      },
      "bin": {
        "solumbe": "src/cli.js"
      },
      "engines": {
        "node": ">=18.18"
      }
    },
    "node_modules/typescript": {
      "version": "6.0.3",
      "resolved": "https://registry.npmjs.org/typescript/-/typescript-6.0.3.tgz",
      "integrity": "sha512-y2TvuxSZPDyQakkFRPZHKFm+KKVqIisdg9/CZwm9ftvKXLP8NRWj38/ODjNbr43SsoXqNuAisEf1GdCxqWcdBw==",
      "license": "Apache-2.0",
      "bin": {
        "tsc": "bin/tsc",
        "tsserver": "bin/tsserver"
      },
      "engines": {
        "node": ">=14.17"
      }
    }
  }
}
